
Microsoft Visual Studio Solution File, Format Version 12.00
# Visual Studio Version 16
VisualStudioVersion = 16.6.30114.105
MinimumVisualStudioVersion = 10.0.40219.1
Project("{2150E333-8FDC-42A3-9474-1A3956D46DE8}") = "src", "src", "{8D8D010B-FBCA-478F-A9E1-8292B06F61F4}"
EndProject
Project("{FAE04EC0-301F-11D3-BF4B-00C04F79EFBC}") = "Dyes", "src\Dyes\Dyes.csproj", "{42AF3836-A0CB-4237-A4A5-97092532309A}"
EndProject
Project("{2150E333-8FDC-42A3-9474-1A3956D46DE8}") = "tests", "tests", "{934C3D9D-DEDF-44F3-AEF1-C0974D64E997}"
EndProject
Project("{FAE04EC0-301F-11D3-BF4B-00C04F79EFBC}") = "Dyes.Tests", "tests\Dyes.Tests\Dyes.Tests.csproj", "{A1C5D5E0-B3A5-4485-BDCE-9C5066984625}"
EndProject
Project("{FAE04EC0-301F-11D3-BF4B-00C04F79EFBC}") = "Hsluv", "src\Hsluv\Hsluv.csproj", "{424036D6-BB58-4CE9-A389-229CDFFD9D7A}"
EndProject
Global
	GlobalSection(SolutionConfigurationPlatforms) = preSolution
		Debug|Any CPU = Debug|Any CPU
		Debug|x64 = Debug|x64
		Debug|x86 = Debug|x86
		Release|Any CPU = Release|Any CPU
		Release|x64 = Release|x64
		Release|x86 = Release|x86
	EndGlobalSection
	GlobalSection(SolutionProperties) = preSolution
		HideSolutionNode = FALSE
	EndGlobalSection
	GlobalSection(ProjectConfigurationPlatforms) = postSolution
		{42AF3836-A0CB-4237-A4A5-97092532309A}.Debug|Any CPU.ActiveCfg = Debug|Any CPU
		{42AF3836-A0CB-4237-A4A5-97092532309A}.Debug|Any CPU.Build.0 = Debug|Any CPU
		{42AF3836-A0CB-4237-A4A5-97092532309A}.Debug|x64.ActiveCfg = Debug|Any CPU
		{42AF3836-A0CB-4237-A4A5-97092532309A}.Debug|x64.Build.0 = Debug|Any CPU
		{42AF3836-A0CB-4237-A4A5-97092532309A}.Debug|x86.ActiveCfg = Debug|Any CPU
		{42AF3836-A0CB-4237-A4A5-97092532309A}.Debug|x86.Build.0 = Debug|Any CPU
		{42AF3836-A0CB-4237-A4A5-97092532309A}.Release|Any CPU.ActiveCfg = Release|Any CPU
		{42AF3836-A0CB-4237-A4A5-97092532309A}.Release|Any CPU.Build.0 = Release|Any CPU
		{42AF3836-A0CB-4237-A4A5-97092532309A}.Release|x64.ActiveCfg = Release|Any CPU
		{42AF3836-A0CB-4237-A4A5-97092532309A}.Release|x64.Build.0 = Release|Any CPU
		{42AF3836-A0CB-4237-A4A5-97092532309A}.Release|x86.ActiveCfg = Release|Any CPU
		{42AF3836-A0CB-4237-A4A5-97092532309A}.Release|x86.Build.0 = Release|Any CPU
		{A1C5D5E0-B3A5-4485-BDCE-9C5066984625}.Debug|Any CPU.ActiveCfg = Debug|Any CPU
		{A1C5D5E0-B3A5-4485-BDCE-9C5066984625}.Debug|Any CPU.Build.0 = Debug|Any CPU
		{A1C5D5E0-B3A5-4485-BDCE-9C5066984625}.Debug|x64.ActiveCfg = Debug|Any CPU
		{A1C5D5E0-B3A5-4485-BDCE-9C5066984625}.Debug|x64.Build.0 = Debug|Any CPU
		{A1C5D5E0-B3A5-4485-BDCE-9C5066984625}.Debug|x86.ActiveCfg = Debug|Any CPU
		{A1C5D5E0-B3A5-4485-BDCE-9C5066984625}.Debug|x86.Build.0 = Debug|Any CPU
		{A1C5D5E0-B3A5-4485-BDCE-9C5066984625}.Release|Any CPU.ActiveCfg = Release|Any CPU
		{A1C5D5E0-B3A5-4485-BDCE-9C5066984625}.Release|Any CPU.Build.0 = Release|Any CPU
		{A1C5D5E0-B3A5-4485-BDCE-9C5066984625}.Release|x64.ActiveCfg = Release|Any CPU
		{A1C5D5E0-B3A5-4485-BDCE-9C5066984625}.Release|x64.Build.0 = Release|Any CPU
		{A1C5D5E0-B3A5-4485-BDCE-9C5066984625}.Release|x86.ActiveCfg = Release|Any CPU
		{A1C5D5E0-B3A5-4485-BDCE-9C5066984625}.Release|x86.Build.0 = Release|Any CPU
		{424036D6-BB58-4CE9-A389-229CDFFD9D7A}.Debug|Any CPU.ActiveCfg = Debug|Any CPU
		{424036D6-BB58-4CE9-A389-229CDFFD9D7A}.Debug|Any CPU.Build.0 = Debug|Any CPU
		{424036D6-BB58-4CE9-A389-229CDFFD9D7A}.Debug|x64.ActiveCfg = Debug|Any CPU
		{424036D6-BB58-4CE9-A389-229CDFFD9D7A}.Debug|x64.Build.0 = Debug|Any CPU
		{424036D6-BB58-4CE9-A389-229CDFFD9D7A}.Debug|x86.ActiveCfg = Debug|Any CPU
		{424036D6-BB58-4CE9-A389-229CDFFD9D7A}.Debug|x86.Build.0 = Debug|Any CPU
		{424036D6-BB58-4CE9-A389-229CDFFD9D7A}.Release|Any CPU.ActiveCfg = Release|Any CPU
		{424036D6-BB58-4CE9-A389-229CDFFD9D7A}.Release|Any CPU.Build.0 = Release|Any CPU
		{424036D6-BB58-4CE9-A389-229CDFFD9D7A}.Release|x64.ActiveCfg = Release|Any CPU
		{424036D6-BB58-4CE9-A389-229CDFFD9D7A}.Release|x64.Build.0 = Release|Any CPU
		{424036D6-BB58-4CE9-A389-229CDFFD9D7A}.Release|x86.ActiveCfg = Release|Any CPU
		{424036D6-BB58-4CE9-A389-229CDFFD9D7A}.Release|x86.Build.0 = Release|Any CPU
	EndGlobalSection
	GlobalSection(NestedProjects) = preSolution
		{42AF3836-A0CB-4237-A4A5-97092532309A} = {8D8D010B-FBCA-478F-A9E1-8292B06F61F4}
		{A1C5D5E0-B3A5-4485-BDCE-9C5066984625} = {934C3D9D-DEDF-44F3-AEF1-C0974D64E997}
		{424036D6-BB58-4CE9-A389-229CDFFD9D7A} = {8D8D010B-FBCA-478F-A9E1-8292B06F61F4}
	EndGlobalSection
EndGlobal
